
Microsoft Visual Studio Solution File, Format Version 12.00
# Visual Studio Version 17
VisualStudioVersion = 17.9.34728.123
MinimumVisualStudioVersion = 10.0.40219.1
Project("{FAE04EC0-301F-11D3-BF4B-00C04F79EFBC}") = "Delegates_Practice_01", "Delegates_Practice_01\Delegates_Practice_01.csproj", "{CF6E23D8-0097-4548-9670-29ECD5ECCFDB}"
EndProject
Global
	GlobalSection(SolutionConfigurationPlatforms) = preSolution
		Debug|Any CPU = Debug|Any CPU
		Release|Any CPU = Release|Any CPU
	EndGlobalSection
	GlobalSection(ProjectConfigurationPlatforms) = postSolution
		{CF6E23D8-0097-4548-9670-29ECD5ECCFDB}.Debug|Any CPU.ActiveCfg = Debug|Any CPU
		{CF6E23D8-0097-4548-9670-29ECD5ECCFDB}.Debug|Any CPU.Build.0 = Debug|Any CPU
		{CF6E23D8-0097-4548-9670-29ECD5ECCFDB}.Release|Any CPU.ActiveCfg = Release|Any CPU
		{CF6E23D8-0097-4548-9670-29ECD5ECCFDB}.Release|Any CPU.Build.0 = Release|Any CPU
	EndGlobalSection
	GlobalSection(SolutionProperties) = preSolution
		HideSolutionNode = FALSE
	EndGlobalSection
	GlobalSection(ExtensibilityGlobals) = postSolution
		SolutionGuid = {1D681E57-87BE-4AD2-B58C-C4F947D283EE}
	EndGlobalSection
EndGlobal
